
Microsoft Visual Studio Solution File, Format Version 12.00
# Visual Studio Version 17
VisualStudioVersion = 17.9.34714.143
MinimumVisualStudioVersion = 10.0.40219.1
Project("{FAE04EC0-301F-11D3-BF4B-00C04F79EFBC}") = "OWIS", "OWIS\OWIS.csproj", "{137C9422-DC98-4F46-9D8B-988614DCA4B2}"
EndProject
Project("{FAE04EC0-301F-11D3-BF4B-00C04F79EFBC}") = "OWIS.Business", "OWIS.Business\OWIS.Business.csproj", "{1E439AA1-778D-49EE-B8AE-5D16862E083D}"
EndProject
Project("{FAE04EC0-301F-11D3-BF4B-00C04F79EFBC}") = "OWIS.Data", "OWIS.Data\OWIS.Data.csproj", "{2898C601-7BD8-41F3-AB11-D3D255312383}"
EndProject
Global
	GlobalSection(SolutionConfigurationPlatforms) = preSolution
		Debug|Any CPU = Debug|Any CPU
		Release|Any CPU = Release|Any CPU
	EndGlobalSection
	GlobalSection(ProjectConfigurationPlatforms) = postSolution
		{137C9422-DC98-4F46-9D8B-988614DCA4B2}.Debug|Any CPU.ActiveCfg = Debug|Any CPU
		{137C9422-DC98-4F46-9D8B-988614DCA4B2}.Debug|Any CPU.Build.0 = Debug|Any CPU
		{137C9422-DC98-4F46-9D8B-988614DCA4B2}.Release|Any CPU.ActiveCfg = Release|Any CPU
		{137C9422-DC98-4F46-9D8B-988614DCA4B2}.Release|Any CPU.Build.0 = Release|Any CPU
		{1E439AA1-778D-49EE-B8AE-5D16862E083D}.Debug|Any CPU.ActiveCfg = Debug|Any CPU
		{1E439AA1-778D-49EE-B8AE-5D16862E083D}.Debug|Any CPU.Build.0 = Debug|Any CPU
		{1E439AA1-778D-49EE-B8AE-5D16862E083D}.Release|Any CPU.ActiveCfg = Release|Any CPU
		{1E439AA1-778D-49EE-B8AE-5D16862E083D}.Release|Any CPU.Build.0 = Release|Any CPU
		{2898C601-7BD8-41F3-AB11-D3D255312383}.Debug|Any CPU.ActiveCfg = Debug|Any CPU
		{2898C601-7BD8-41F3-AB11-D3D255312383}.Debug|Any CPU.Build.0 = Debug|Any CPU
		{2898C601-7BD8-41F3-AB11-D3D255312383}.Release|Any CPU.ActiveCfg = Release|Any CPU
		{2898C601-7BD8-41F3-AB11-D3D255312383}.Release|Any CPU.Build.0 = Release|Any CPU
	EndGlobalSection
	GlobalSection(SolutionProperties) = preSolution
		HideSolutionNode = FALSE
	EndGlobalSection
	GlobalSection(ExtensibilityGlobals) = postSolution
		SolutionGuid = {B0BC0504-618D-426E-8A63-E00EB8BEF560}
	EndGlobalSection
EndGlobal
